
Microsoft Visual Studio Solution File, Format Version 12.00
# Visual Studio Version 16
VisualStudioVersion = 16.0.31729.503
MinimumVisualStudioVersion = 10.0.40219.1
Project("{FAE04EC0-301F-11D3-BF4B-00C04F79EFBC}") = "Orca_FO-v2.12.0", "Orca_FO-v2.12.0\Orca_FO-v2.12.0.csproj", "{6017133D-8765-48FD-A94D-74E8791007E4}"
EndProject
Project("{FAE04EC0-301F-11D3-BF4B-00C04F79EFBC}") = "CustomLoggerProvider", "CustomLoggerProvider\CustomLoggerProvider.csproj", "{7349288D-A7B3-46B3-8DBA-F0CE1E253231}"
EndProject
Global
	GlobalSection(SolutionConfigurationPlatforms) = preSolution
		Debug|Any CPU = Debug|Any CPU
		Release|Any CPU = Release|Any CPU
	EndGlobalSection
	GlobalSection(ProjectConfigurationPlatforms) = postSolution
		{6017133D-8765-48FD-A94D-74E8791007E4}.Debug|Any CPU.ActiveCfg = Debug|Any CPU
		{6017133D-8765-48FD-A94D-74E8791007E4}.Debug|Any CPU.Build.0 = Debug|Any CPU
		{6017133D-8765-48FD-A94D-74E8791007E4}.Release|Any CPU.ActiveCfg = Release|Any CPU
		{6017133D-8765-48FD-A94D-74E8791007E4}.Release|Any CPU.Build.0 = Release|Any CPU
		{7349288D-A7B3-46B3-8DBA-F0CE1E253231}.Debug|Any CPU.ActiveCfg = Debug|Any CPU
		{7349288D-A7B3-46B3-8DBA-F0CE1E253231}.Debug|Any CPU.Build.0 = Debug|Any CPU
		{7349288D-A7B3-46B3-8DBA-F0CE1E253231}.Release|Any CPU.ActiveCfg = Release|Any CPU
		{7349288D-A7B3-46B3-8DBA-F0CE1E253231}.Release|Any CPU.Build.0 = Release|Any CPU
	EndGlobalSection
	GlobalSection(SolutionProperties) = preSolution
		HideSolutionNode = FALSE
	EndGlobalSection
	GlobalSection(ExtensibilityGlobals) = postSolution
		SolutionGuid = {BC6A9316-8656-49DA-9CE9-796C87443DE9}
	EndGlobalSection
EndGlobal
